
Microsoft Visual Studio Solution File, Format Version 12.00
# Visual Studio Version 17
VisualStudioVersion = 17.3.32901.215
MinimumVisualStudioVersion = 10.0.40219.1
Project("{FAE04EC0-301F-11D3-BF4B-00C04F79EFBC}") = "Assignment1", "Assignment1\Assignment1.csproj", "{2A0B445E-BF91-42CD-9D71-3E3C63BE0A74}"
EndProject
Global
	GlobalSection(SolutionConfigurationPlatforms) = preSolution
		Debug|Any CPU = Debug|Any CPU
		Release|Any CPU = Release|Any CPU
	EndGlobalSection
	GlobalSection(ProjectConfigurationPlatforms) = postSolution
		{2A0B445E-BF91-42CD-9D71-3E3C63BE0A74}.Debug|Any CPU.ActiveCfg = Debug|Any CPU
		{2A0B445E-BF91-42CD-9D71-3E3C63BE0A74}.Debug|Any CPU.Build.0 = Debug|Any CPU
		{2A0B445E-BF91-42CD-9D71-3E3C63BE0A74}.Release|Any CPU.ActiveCfg = Release|Any CPU
		{2A0B445E-BF91-42CD-9D71-3E3C63BE0A74}.Release|Any CPU.Build.0 = Release|Any CPU
	EndGlobalSection
	GlobalSection(SolutionProperties) = preSolution
		HideSolutionNode = FALSE
	EndGlobalSection
	GlobalSection(ExtensibilityGlobals) = postSolution
		SolutionGuid = {49E8554E-AA20-4E21-81FD-2DBA94D75C9D}
	EndGlobalSection
EndGlobal
